
Microsoft Visual Studio Solution File, Format Version 12.00
# Visual Studio Version 17
VisualStudioVersion = 17.8.34330.188
MinimumVisualStudioVersion = 10.0.40219.1
Project("{FAE04EC0-301F-11D3-BF4B-00C04F79EFBC}") = "MTI School", "MTI School\MTI School.csproj", "{894DE5AB-87FB-41DE-8B05-FE0681341C9C}"
EndProject
Global
	GlobalSection(SolutionConfigurationPlatforms) = preSolution
		Debug|Any CPU = Debug|Any CPU
		Release|Any CPU = Release|Any CPU
	EndGlobalSection
	GlobalSection(ProjectConfigurationPlatforms) = postSolution
		{894DE5AB-87FB-41DE-8B05-FE0681341C9C}.Debug|Any CPU.ActiveCfg = Debug|Any CPU
		{894DE5AB-87FB-41DE-8B05-FE0681341C9C}.Debug|Any CPU.Build.0 = Debug|Any CPU
		{894DE5AB-87FB-41DE-8B05-FE0681341C9C}.Release|Any CPU.ActiveCfg = Release|Any CPU
		{894DE5AB-87FB-41DE-8B05-FE0681341C9C}.Release|Any CPU.Build.0 = Release|Any CPU
	EndGlobalSection
	GlobalSection(SolutionProperties) = preSolution
		HideSolutionNode = FALSE
	EndGlobalSection
	GlobalSection(ExtensibilityGlobals) = postSolution
		SolutionGuid = {702F14FC-ACBE-42B2-8C84-0FF83429C02F}
	EndGlobalSection
EndGlobal
